hash: b154d13356683fc89109beb6a819e7eee41895c59f61ea02f882b68a03f505a4
updated: 2016-08-24T15:58:47.88156974+02:00
imports:
- name: github.com/jessevdk/go-flags
  version: 37c8226983775d404b6edfebd44be1078bd0fe95
- name: gopkg.in/libgit2/git2go.v24
  version: 8eaae73f85dd3df78df80d2dac066eb0866444ae
testImports: []
